
Microsoft Visual Studio Solution File, Format Version 12.00
# Visual Studio Version 17
VisualStudioVersion = 17.6.33829.357
MinimumVisualStudioVersion = 10.0.40219.1
Project("{FAE04EC0-301F-11D3-BF4B-00C04F79EFBC}") = "Basics", "Basics\Basics.csproj", "{D80E1F6D-70F1-4715-8CE7-F6DE8DC72E11}"
EndProject
Global
	GlobalSection(SolutionConfigurationPlatforms) = preSolution
		Debug|Any CPU = Debug|Any CPU
		Release|Any CPU = Release|Any CPU
	EndGlobalSection
	GlobalSection(ProjectConfigurationPlatforms) = postSolution
		{D80E1F6D-70F1-4715-8CE7-F6DE8DC72E11}.Debug|Any CPU.ActiveCfg = Debug|Any CPU
		{D80E1F6D-70F1-4715-8CE7-F6DE8DC72E11}.Debug|Any CPU.Build.0 = Debug|Any CPU
		{D80E1F6D-70F1-4715-8CE7-F6DE8DC72E11}.Release|Any CPU.ActiveCfg = Release|Any CPU
		{D80E1F6D-70F1-4715-8CE7-F6DE8DC72E11}.Release|Any CPU.Build.0 = Release|Any CPU
	EndGlobalSection
	GlobalSection(SolutionProperties) = preSolution
		HideSolutionNode = FALSE
	EndGlobalSection
	GlobalSection(ExtensibilityGlobals) = postSolution
		SolutionGuid = {89F4CED5-B492-4306-BD6E-5C81B2DED168}
	EndGlobalSection
EndGlobal
